
Microsoft Visual Studio Solution File, Format Version 12.00
# Visual Studio Version 17
VisualStudioVersion = 17.14.36414.22 d17.14
MinimumVisualStudioVersion = 10.0.40219.1
Project("{FAE04EC0-301F-11D3-BF4B-00C04F79EFBC}") = "Bai3.3", "Bai3.3\Bai3.3.csproj", "{4FACA336-6EB9-4700-9AC6-9550C1513E1B}"
EndProject
Global
	GlobalSection(SolutionConfigurationPlatforms) = preSolution
		Debug|Any CPU = Debug|Any CPU
		Release|Any CPU = Release|Any CPU
	EndGlobalSection
	GlobalSection(ProjectConfigurationPlatforms) = postSolution
		{4FACA336-6EB9-4700-9AC6-9550C1513E1B}.Debug|Any CPU.ActiveCfg = Debug|Any CPU
		{4FACA336-6EB9-4700-9AC6-9550C1513E1B}.Debug|Any CPU.Build.0 = Debug|Any CPU
		{4FACA336-6EB9-4700-9AC6-9550C1513E1B}.Release|Any CPU.ActiveCfg = Release|Any CPU
		{4FACA336-6EB9-4700-9AC6-9550C1513E1B}.Release|Any CPU.Build.0 = Release|Any CPU
	EndGlobalSection
	GlobalSection(SolutionProperties) = preSolution
		HideSolutionNode = FALSE
	EndGlobalSection
	GlobalSection(ExtensibilityGlobals) = postSolution
		SolutionGuid = {B2E9E74A-1185-4318-8D7C-CCD466DB7100}
	EndGlobalSection
EndGlobal
