
Microsoft Visual Studio Solution File, Format Version 12.00
# Visual Studio Version 17
VisualStudioVersion = 17.14.36414.22 d17.14
MinimumVisualStudioVersion = 10.0.40219.1
Project("{FAE04EC0-301F-11D3-BF4B-00C04F79EFBC}") = "Bai2.5", "Bai2.5\Bai2.5.csproj", "{70484AC4-F4F9-4750-BA59-6BE2D72E8FEB}"
EndProject
Global
	GlobalSection(SolutionConfigurationPlatforms) = preSolution
		Debug|Any CPU = Debug|Any CPU
		Release|Any CPU = Release|Any CPU
	EndGlobalSection
	GlobalSection(ProjectConfigurationPlatforms) = postSolution
		{70484AC4-F4F9-4750-BA59-6BE2D72E8FEB}.Debug|Any CPU.ActiveCfg = Debug|Any CPU
		{70484AC4-F4F9-4750-BA59-6BE2D72E8FEB}.Debug|Any CPU.Build.0 = Debug|Any CPU
		{70484AC4-F4F9-4750-BA59-6BE2D72E8FEB}.Release|Any CPU.ActiveCfg = Release|Any CPU
		{70484AC4-F4F9-4750-BA59-6BE2D72E8FEB}.Release|Any CPU.Build.0 = Release|Any CPU
	EndGlobalSection
	GlobalSection(SolutionProperties) = preSolution
		HideSolutionNode = FALSE
	EndGlobalSection
	GlobalSection(ExtensibilityGlobals) = postSolution
		SolutionGuid = {880B2A6B-5CE0-404B-9CCE-A7D93E40BFB1}
	EndGlobalSection
EndGlobal
